
Microsoft Visual Studio Solution File, Format Version 12.00
# Visual Studio 14
VisualStudioVersion = 14.0.24720.0
MinimumVisualStudioVersion = 10.0.40219.1
Project("{2150E333-8FDC-42A3-9474-1A3956D46DE8}") = "Domain", "Domain", "{62981204-2CA4-4950-AB1B-86F79EEEEDE7}"
EndProject
Project("{FAE04EC0-301F-11D3-BF4B-00C04F79EFBC}") = "SommusPreVenda.Domain", "SommusPreVenda.Domain\SommusPreVenda.Domain.csproj", "{0FA76EC4-91D5-40CB-A8E7-952C2F3155D0}"
EndProject
Global
	GlobalSection(SolutionConfigurationPlatforms) = preSolution
		Debug|Any CPU = Debug|Any CPU
		Release|Any CPU = Release|Any CPU
	EndGlobalSection
	GlobalSection(ProjectConfigurationPlatforms) = postSolution
		{0FA76EC4-91D5-40CB-A8E7-952C2F3155D0}.Debug|Any CPU.ActiveCfg = Debug|Any CPU
		{0FA76EC4-91D5-40CB-A8E7-952C2F3155D0}.Debug|Any CPU.Build.0 = Debug|Any CPU
		{0FA76EC4-91D5-40CB-A8E7-952C2F3155D0}.Release|Any CPU.ActiveCfg = Release|Any CPU
		{0FA76EC4-91D5-40CB-A8E7-952C2F3155D0}.Release|Any CPU.Build.0 = Release|Any CPU
	EndGlobalSection
	GlobalSection(SolutionProperties) = preSolution
		HideSolutionNode = FALSE
	EndGlobalSection
	GlobalSection(NestedProjects) = preSolution
		{0FA76EC4-91D5-40CB-A8E7-952C2F3155D0} = {62981204-2CA4-4950-AB1B-86F79EEEEDE7}
	EndGlobalSection
EndGlobal
